// !$*UTF8*$!
{
	archiveVersion = 1;
	classes = {
	};
	objectVersion = 56;
	objects = {

/* Begin PBXBuildFile section */
		6A5C42292BD70BC7004BE717 /* SetupConfig.swift in Sources */ = {isa = PBXBuildFile; fileRef = 6A5C42282BD70BC7004BE717 /* SetupConfig.swift */; };
		6A6C2A7F2BC325A7006633D8 /* GameVoteResult.swift in Sources */ = {isa = PBXBuildFile; fileRef = 6A6C2A7E2BC325A7006633D8 /* GameVoteResult.swift */; };
		6A6C2A832BC3261D006633D8 /* GameVoteView.swift in Sources */ = {isa = PBXBuildFile; fileRef = 6A6C2A822BC3261D006633D8 /* GameVoteView.swift */; };
		6A6C2A852BC326C2006633D8 /* VoteOptionView.swift in Sources */ = {isa = PBXBuildFile; fileRef = 6A6C2A842BC326C2006633D8 /* VoteOptionView.swift */; };
		6A70C3142BC131D10075A278 /* PlayerNameView.swift in Sources */ = {isa = PBXBuildFile; fileRef = 6A70C3132BC131D10075A278 /* PlayerNameView.swift */; };
		6A79A2D02BD28B7F000322A4 /* GameVoteViewModel.swift in Sources */ = {isa = PBXBuildFile; fileRef = 6A79A2CF2BD28B7F000322A4 /* GameVoteViewModel.swift */; };
		A20C2DBB2BC1C8B10015064F /* (null) in Sources */ = {isa = PBXBuildFile; };
		A20C2DBE2BC1CD250015064F /* (null) in Sources */ = {isa = PBXBuildFile; };
		A20C2DC12BC1CD560015064F /* (null) in Sources */ = {isa = PBXBuildFile; };
		A20C2DC42BC1D2870015064F /* (null) in Sources */ = {isa = PBXBuildFile; };
		A20C2DC82BC1E8A20015064F /* (null) in Sources */ = {isa = PBXBuildFile; };
		A20C2DCD2BC200B00015064F /* (null) in Sources */ = {isa = PBXBuildFile; };
		A2105A312BC0FB8600FE929C /* JamADAApp.swift in Sources */ = {isa = PBXBuildFile; fileRef = A2105A302BC0FB8600FE929C /* JamADAApp.swift */; };
		A2105A332BC0FB8600FE929C /* HomeView.swift in Sources */ = {isa = PBXBuildFile; fileRef = A2105A322BC0FB8600FE929C /* HomeView.swift */; };
		A2105A352BC0FB8700FE929C /* Assets.xcassets in Resources */ = {isa = PBXBuildFile; fileRef = A2105A342BC0FB8700FE929C /* Assets.xcassets */; };
		A2105A392BC0FB8700FE929C /* Preview Assets.xcassets in Resources */ = {isa = PBXBuildFile; fileRef = A2105A382BC0FB8700FE929C /* Preview Assets.xcassets */; };
		A2105A442BC1076700FE929C /* SetupPlayersView.swift in Sources */ = {isa = PBXBuildFile; fileRef = A2105A432BC1076700FE929C /* SetupPlayersView.swift */; };
		A2105A472BC107C700FE929C /* PlayerModel.swift in Sources */ = {isa = PBXBuildFile; fileRef = A2105A462BC107C700FE929C /* PlayerModel.swift */; };
		A2105A4C2BC1087000FE929C /* SetupViewModel.swift in Sources */ = {isa = PBXBuildFile; fileRef = A2105A4B2BC1087000FE929C /* SetupViewModel.swift */; };
		A2105A4E2BC113D200FE929C /* PlayerNameBarView.swift in Sources */ = {isa = PBXBuildFile; fileRef = A2105A4D2BC113D200FE929C /* PlayerNameBarView.swift */; };
		A2751DB02BC2983800074A68 /* GameLoadingView.swift in Sources */ = {isa = PBXBuildFile; fileRef = A2751DAD2BC2983800074A68 /* GameLoadingView.swift */; };
		A2751DB12BC2983800074A68 /* GameCardsView.swift in Sources */ = {isa = PBXBuildFile; fileRef = A2751DAE2BC2983800074A68 /* GameCardsView.swift */; };
		A2751DB22BC2983800074A68 /* GameView.swift in Sources */ = {isa = PBXBuildFile; fileRef = A2751DAF2BC2983800074A68 /* GameView.swift */; };
		A2751DB42BC2984000074A68 /* GameViewModel.swift in Sources */ = {isa = PBXBuildFile; fileRef = A2751DB32BC2984000074A68 /* GameViewModel.swift */; };
		A2751DB62BC2985300074A68 /* CardModel.swift in Sources */ = {isa = PBXBuildFile; fileRef = A2751DB52BC2985300074A68 /* CardModel.swift */; };
		A2751DBB2BC2EC5B00074A68 /* TimerView.swift in Sources */ = {isa = PBXBuildFile; fileRef = A2751DBA2BC2EC5B00074A68 /* TimerView.swift */; };
		A2751DBD2BC2EC6C00074A68 /* TimerViewModel.swift in Sources */ = {isa = PBXBuildFile; fileRef = A2751DBC2BC2EC6C00074A68 /* TimerViewModel.swift */; };
		A2AB47362BC13E5600C3D2AB /* SetupRoundsView.swift in Sources */ = {isa = PBXBuildFile; fileRef = A2AB47352BC13E5600C3D2AB /* SetupRoundsView.swift */; };
		A2AB47392BC14A9300C3D2AB /* RectangleButtonView.swift in Sources */ = {isa = PBXBuildFile; fileRef = A2AB47382BC14A9300C3D2AB /* RectangleButtonView.swift */; };
		A2AB473B2BC1529F00C3D2AB /* PlayersListView.swift in Sources */ = {isa = PBXBuildFile; fileRef = A2AB473A2BC1529F00C3D2AB /* PlayersListView.swift */; };
		A2AB473D2BC1543600C3D2AB /* NVFlipCardView.swift in Sources */ = {isa = PBXBuildFile; fileRef = A2AB473C2BC1543600C3D2AB /* NVFlipCardView.swift */; };
		A2AB473F2BC15D9F00C3D2AB /* ThemeView.swift in Sources */ = {isa = PBXBuildFile; fileRef = A2AB473E2BC15D9F00C3D2AB /* ThemeView.swift */; };
		A2AB47412BC15EEA00C3D2AB /* Color.swift in Sources */ = {isa = PBXBuildFile; fileRef = A2AB47402BC15EEA00C3D2AB /* Color.swift */; };
/* End PBXBuildFile section */

/* Begin PBXFileReference section */
		6A5C42282BD70BC7004BE717 /* SetupConfig.swift */ = {isa = PBXFileReference; lastKnownFileType = sourcecode.swift; path = SetupConfig.swift; sourceTree = "<group>"; };
		6A6C2A7E2BC325A7006633D8 /* GameVoteResult.swift */ = {isa = PBXFileReference; lastKnownFileType = sourcecode.swift; path = GameVoteResult.swift; sourceTree = "<group>"; };
		6A6C2A822BC3261D006633D8 /* GameVoteView.swift */ = {isa = PBXFileReference; lastKnownFileType = sourcecode.swift; path = GameVoteView.swift; sourceTree = "<group>"; };
		6A6C2A842BC326C2006633D8 /* VoteOptionView.swift */ = {isa = PBXFileReference; lastKnownFileType = sourcecode.swift; path = VoteOptionView.swift; sourceTree = "<group>"; };
		6A70C3132BC131D10075A278 /* PlayerNameView.swift */ = {isa = PBXFileReference; lastKnownFileType = sourcecode.swift; path = PlayerNameView.swift; sourceTree = "<group>"; };
		6A79A2CF2BD28B7F000322A4 /* GameVoteViewModel.swift */ = {isa = PBXFileReference; lastKnownFileType = sourcecode.swift; path = GameVoteViewModel.swift; sourceTree = "<group>"; };
		A2105A2D2BC0FB8600FE929C /* JamADA.app */ = {isa = PBXFileReference; explicitFileType = wrapper.application; includeInIndex = 0; path = JamADA.app; sourceTree = BUILT_PRODUCTS_DIR; };
		A2105A302BC0FB8600FE929C /* JamADAApp.swift */ = {isa = PBXFileReference; lastKnownFileType = sourcecode.swift; path = JamADAApp.swift; sourceTree = "<group>"; };
		A2105A322BC0FB8600FE929C /* HomeView.swift */ = {isa = PBXFileReference; lastKnownFileType = sourcecode.swift; path = HomeView.swift; sourceTree = "<group>"; };
		A2105A342BC0FB8700FE929C /* Assets.xcassets */ = {isa = PBXFileReference; lastKnownFileType = folder.assetcatalog; path = Assets.xcassets; sourceTree = "<group>"; };
		A2105A362BC0FB8700FE929C /* JamADA.entitlements */ = {isa = PBXFileReference; lastKnownFileType = text.plist.entitlements; path = JamADA.entitlements; sourceTree = "<group>"; };
		A2105A382BC0FB8700FE929C /* Preview Assets.xcassets */ = {isa = PBXFileReference; lastKnownFileType = folder.assetcatalog; path = "Preview Assets.xcassets"; sourceTree = "<group>"; };
		A2105A432BC1076700FE929C /* SetupPlayersView.swift */ = {isa = PBXFileReference; lastKnownFileType = sourcecode.swift; path = SetupPlayersView.swift; sourceTree = "<group>"; };
		A2105A462BC107C700FE929C /* PlayerModel.swift */ = {isa = PBXFileReference; lastKnownFileType = sourcecode.swift; path = PlayerModel.swift; sourceTree = "<group>"; };
		A2105A4B2BC1087000FE929C /* SetupViewModel.swift */ = {isa = PBXFileReference; lastKnownFileType = sourcecode.swift; path = SetupViewModel.swift; sourceTree = "<group>"; };
		A2105A4D2BC113D200FE929C /* PlayerNameBarView.swift */ = {isa = PBXFileReference; lastKnownFileType = sourcecode.swift; path = PlayerNameBarView.swift; sourceTree = "<group>"; };
		A2751DAD2BC2983800074A68 /* GameLoadingView.swift */ = {isa = PBXFileReference; fileEncoding = 4; lastKnownFileType = sourcecode.swift; path = GameLoadingView.swift; sourceTree = "<group>"; };
		A2751DAE2BC2983800074A68 /* GameCardsView.swift */ = {isa = PBXFileReference; fileEncoding = 4; lastKnownFileType = sourcecode.swift; path = GameCardsView.swift; sourceTree = "<group>"; };
		A2751DAF2BC2983800074A68 /* GameView.swift */ = {isa = PBXFileReference; fileEncoding = 4; lastKnownFileType = sourcecode.swift; path = GameView.swift; sourceTree = "<group>"; };
		A2751DB32BC2984000074A68 /* GameViewModel.swift */ = {isa = PBXFileReference; fileEncoding = 4; lastKnownFileType = sourcecode.swift; path = GameViewModel.swift; sourceTree = "<group>"; };
		A2751DB52BC2985300074A68 /* CardModel.swift */ = {isa = PBXFileReference; fileEncoding = 4; lastKnownFileType = sourcecode.swift; path = CardModel.swift; sourceTree = "<group>"; };
		A2751DBA2BC2EC5B00074A68 /* TimerView.swift */ = {isa = PBXFileReference; lastKnownFileType = sourcecode.swift; path = TimerView.swift; sourceTree = "<group>"; };
		A2751DBC2BC2EC6C00074A68 /* TimerViewModel.swift */ = {isa = PBXFileReference; lastKnownFileType = sourcecode.swift; path = TimerViewModel.swift; sourceTree = "<group>"; };
		A2AB47352BC13E5600C3D2AB /* SetupRoundsView.swift */ = {isa = PBXFileReference; lastKnownFileType = sourcecode.swift; path = SetupRoundsView.swift; sourceTree = "<group>"; };
		A2AB47382BC14A9300C3D2AB /* RectangleButtonView.swift */ = {isa = PBXFileReference; lastKnownFileType = sourcecode.swift; path = RectangleButtonView.swift; sourceTree = "<group>"; };
		A2AB473A2BC1529F00C3D2AB /* PlayersListView.swift */ = {isa = PBXFileReference; lastKnownFileType = sourcecode.swift; path = PlayersListView.swift; sourceTree = "<group>"; };
		A2AB473C2BC1543600C3D2AB /* NVFlipCardView.swift */ = {isa = PBXFileReference; lastKnownFileType = sourcecode.swift; path = NVFlipCardView.swift; sourceTree = "<group>"; };
		A2AB473E2BC15D9F00C3D2AB /* ThemeView.swift */ = {isa = PBXFileReference; lastKnownFileType = sourcecode.swift; path = ThemeView.swift; sourceTree = "<group>"; };
		A2AB47402BC15EEA00C3D2AB /* Color.swift */ = {isa = PBXFileReference; lastKnownFileType = sourcecode.swift; path = Color.swift; sourceTree = "<group>"; };
/* End PBXFileReference section */

/* Begin PBXFrameworksBuildPhase section */
		A2105A2A2BC0FB8600FE929C /* Frameworks */ = {
			isa = PBXFrameworksBuildPhase;
			buildActionMask = 2147483647;
			files = (
			);
			runOnlyForDeploymentPostprocessing = 0;
		};
/* End PBXFrameworksBuildPhase section */

/* Begin PBXGroup section */
		A20C2DBC2BC1CCEA0015064F /* Game */ = {
			isa = PBXGroup;
			children = (
				A20C2DC22BC1D2770015064F /* ViewModel */,
				A20C2DBF2BC1CD390015064F /* View */,
			);
			name = Game;
			sourceTree = "<group>";
		};
		A20C2DBF2BC1CD390015064F /* View */ = {
			isa = PBXGroup;
			children = (
				A2751DAD2BC2983800074A68 /* GameLoadingView.swift */,
				6A6C2A822BC3261D006633D8 /* GameVoteView.swift */,
				A2751DAF2BC2983800074A68 /* GameView.swift */,
				6A6C2A7E2BC325A7006633D8 /* GameVoteResult.swift */,
				A2751DAE2BC2983800074A68 /* GameCardsView.swift */,
			);
			name = View;
			sourceTree = "<group>";
		};
		A20C2DC22BC1D2770015064F /* ViewModel */ = {
			isa = PBXGroup;
			children = (
				A2751DB32BC2984000074A68 /* GameViewModel.swift */,
				6A79A2CF2BD28B7F000322A4 /* GameVoteViewModel.swift */,
			);
			name = ViewModel;
			sourceTree = "<group>";
		};
		A2105A242BC0FB8600FE929C = {
			isa = PBXGroup;
			children = (
				A2105A2F2BC0FB8600FE929C /* JamADA */,
				A2105A2E2BC0FB8600FE929C /* Products */,
			);
			sourceTree = "<group>";
		};
		A2105A2E2BC0FB8600FE929C /* Products */ = {
			isa = PBXGroup;
			children = (
				A2105A2D2BC0FB8600FE929C /* JamADA.app */,
			);
			name = Products;
			sourceTree = "<group>";
		};
		A2105A2F2BC0FB8600FE929C /* JamADA */ = {
			isa = PBXGroup;
			children = (
				A2105A482BC1081A00FE929C /* Extensions */,
				A2105A452BC107AF00FE929C /* Model */,
				A2105A3F2BC0FEDD00FE929C /* Core */,
				A2105A402BC1000000FE929C /* Others */,
				A2105A362BC0FB8700FE929C /* JamADA.entitlements */,
				A2105A372BC0FB8700FE929C /* Preview Content */,
			);
			path = JamADA;
			sourceTree = "<group>";
		};
		A2105A372BC0FB8700FE929C /* Preview Content */ = {
			isa = PBXGroup;
			children = (
				A2105A382BC0FB8700FE929C /* Preview Assets.xcassets */,
			);
			path = "Preview Content";
			sourceTree = "<group>";
		};
		A2105A3F2BC0FEDD00FE929C /* Core */ = {
			isa = PBXGroup;
			children = (
				A2AB47372BC14A7D00C3D2AB /* Components */,
				A2105A412BC1064B00FE929C /* Home */,
				A2105A422BC1075300FE929C /* Setup */,
				A20C2DBC2BC1CCEA0015064F /* Game */,
				A2751DB72BC2EC3100074A68 /* Timer */,
			);
			path = Core;
			sourceTree = "<group>";
		};
		A2105A402BC1000000FE929C /* Others */ = {
			isa = PBXGroup;
			children = (
				A2105A302BC0FB8600FE929C /* JamADAApp.swift */,
				A2105A342BC0FB8700FE929C /* Assets.xcassets */,
			);
			path = Others;
			sourceTree = "<group>";
		};
		A2105A412BC1064B00FE929C /* Home */ = {
			isa = PBXGroup;
			children = (
				A2105A322BC0FB8600FE929C /* HomeView.swift */,
			);
			name = Home;
			sourceTree = "<group>";
		};
		A2105A422BC1075300FE929C /* Setup */ = {
			isa = PBXGroup;
			children = (
				A2105A4A2BC1085600FE929C /* ViewModel */,
				A2105A492BC1085000FE929C /* View */,
			);
			name = Setup;
			sourceTree = "<group>";
		};
		A2105A452BC107AF00FE929C /* Model */ = {
			isa = PBXGroup;
			children = (
				A2105A462BC107C700FE929C /* PlayerModel.swift */,
				A2751DB52BC2985300074A68 /* CardModel.swift */,
			);
			path = Model;
			sourceTree = "<group>";
		};
		A2105A482BC1081A00FE929C /* Extensions */ = {
			isa = PBXGroup;
			children = (
				A2AB47402BC15EEA00C3D2AB /* Color.swift */,
			);
			path = Extensions;
			sourceTree = "<group>";
		};
		A2105A492BC1085000FE929C /* View */ = {
			isa = PBXGroup;
			children = (
				A2105A432BC1076700FE929C /* SetupPlayersView.swift */,
				A2AB47352BC13E5600C3D2AB /* SetupRoundsView.swift */,
				6A70C3132BC131D10075A278 /* PlayerNameView.swift */,
				A2AB473A2BC1529F00C3D2AB /* PlayersListView.swift */,
				A2105A4D2BC113D200FE929C /* PlayerNameBarView.swift */,
			);
			name = View;
			sourceTree = "<group>";
		};
		A2105A4A2BC1085600FE929C /* ViewModel */ = {
			isa = PBXGroup;
			children = (
				A2105A4B2BC1087000FE929C /* SetupViewModel.swift */,
				6A5C42282BD70BC7004BE717 /* SetupConfig.swift */,
			);
			name = ViewModel;
			sourceTree = "<group>";
		};
		A2751DB72BC2EC3100074A68 /* Timer */ = {
			isa = PBXGroup;
			children = (
				A2751DB92BC2EC4B00074A68 /* ViewModel */,
				A2751DB82BC2EC4600074A68 /* View */,
			);
			name = Timer;
			sourceTree = "<group>";
		};
		A2751DB82BC2EC4600074A68 /* View */ = {
			isa = PBXGroup;
			children = (
				A2751DBA2BC2EC5B00074A68 /* TimerView.swift */,
			);
			name = View;
			sourceTree = "<group>";
		};
		A2751DB92BC2EC4B00074A68 /* ViewModel */ = {
			isa = PBXGroup;
			children = (
				A2751DBC2BC2EC6C00074A68 /* TimerViewModel.swift */,
			);
			name = ViewModel;
			sourceTree = "<group>";
		};
		A2AB47372BC14A7D00C3D2AB /* Components */ = {
			isa = PBXGroup;
			children = (
				6A6C2A842BC326C2006633D8 /* VoteOptionView.swift */,
				A2AB47382BC14A9300C3D2AB /* RectangleButtonView.swift */,
				A2AB473C2BC1543600C3D2AB /* NVFlipCardView.swift */,
				A2AB473E2BC15D9F00C3D2AB /* ThemeView.swift */,
			);
			name = Components;
			sourceTree = "<group>";
		};
/* End PBXGroup section */

/* Begin PBXNativeTarget section */
		A2105A2C2BC0FB8600FE929C /* JamADA */ = {
			isa = PBXNativeTarget;
			buildConfigurationList = A2105A3C2BC0FB8700FE929C /* Build configuration list for PBXNativeTarget "JamADA" */;
			buildPhases = (
				A2105A292BC0FB8600FE929C /* Sources */,
				A2105A2A2BC0FB8600FE929C /* Frameworks */,
				A2105A2B2BC0FB8600FE929C /* Resources */,
				6AEB10C42BD5D95300249A73 /* ShellScript */,
			);
			buildRules = (
			);
			dependencies = (
			);
			name = JamADA;
			productName = JamADA;
			productReference = A2105A2D2BC0FB8600FE929C /* JamADA.app */;
			productType = "com.apple.product-type.application";
		};
/* End PBXNativeTarget section */

/* Begin PBXProject section */
		A2105A252BC0FB8600FE929C /* Project object */ = {
			isa = PBXProject;
			attributes = {
				BuildIndependentTargetsInParallel = 1;
				LastSwiftUpdateCheck = 1520;
				LastUpgradeCheck = 1520;
				TargetAttributes = {
					A2105A2C2BC0FB8600FE929C = {
						CreatedOnToolsVersion = 15.2;
					};
				};
			};
			buildConfigurationList = A2105A282BC0FB8600FE929C /* Build configuration list for PBXProject "JamADA" */;
			compatibilityVersion = "Xcode 14.0";
			developmentRegion = en;
			hasScannedForEncodings = 0;
			knownRegions = (
				en,
				Base,
			);
			mainGroup = A2105A242BC0FB8600FE929C;
			productRefGroup = A2105A2E2BC0FB8600FE929C /* Products */;
			projectDirPath = "";
			projectRoot = "";
			targets = (
				A2105A2C2BC0FB8600FE929C /* JamADA */,
			);
		};
/* End PBXProject section */

/* Begin PBXResourcesBuildPhase section */
		A2105A2B2BC0FB8600FE929C /* Resources */ = {
			isa = PBXResourcesBuildPhase;
			buildActionMask = 2147483647;
			files = (
				A2105A392BC0FB8700FE929C /* Preview Assets.xcassets in Resources */,
				A2105A352BC0FB8700FE929C /* Assets.xcassets in Resources */,
			);
			runOnlyForDeploymentPostprocessing = 0;
		};
/* End PBXResourcesBuildPhase section */

/* Begin PBXShellScriptBuildPhase section */
		6AEB10C42BD5D95300249A73 /* ShellScript */ = {
			isa = PBXShellScriptBuildPhase;
			buildActionMask = 2147483647;
			files = (
			);
			inputFileListPaths = (
			);
			inputPaths = (
			);
			outputFileListPaths = (
			);
			outputPaths = (
			);
			runOnlyForDeploymentPostprocessing = 0;
			shellPath = /bin/sh;
			shellScript = "if which swiftlint >/dev/null; then\nswiftlint\nelse\necho \"warning: Swiftlint not installed, download from https://github.com/realm/SwiftLint\"\nfi\n";
		};
/* End PBXShellScriptBuildPhase section */

/* Begin PBXSourcesBuildPhase section */
		A2105A292BC0FB8600FE929C /* Sources */ = {
			isa = PBXSourcesBuildPhase;
			buildActionMask = 2147483647;
			files = (
				6A70C3142BC131D10075A278 /* PlayerNameView.swift in Sources */,
				6A5C42292BD70BC7004BE717 /* SetupConfig.swift in Sources */,
				A2AB473D2BC1543600C3D2AB /* NVFlipCardView.swift in Sources */,
				A2105A332BC0FB8600FE929C /* HomeView.swift in Sources */,
				A2751DB02BC2983800074A68 /* GameLoadingView.swift in Sources */,
				A20C2DC12BC1CD560015064F /* (null) in Sources */,
				A2751DB62BC2985300074A68 /* CardModel.swift in Sources */,
				A2105A442BC1076700FE929C /* SetupPlayersView.swift in Sources */,
				A2751DB12BC2983800074A68 /* GameCardsView.swift in Sources */,
				6A6C2A832BC3261D006633D8 /* GameVoteView.swift in Sources */,
				6A6C2A852BC326C2006633D8 /* VoteOptionView.swift in Sources */,
				A20C2DC82BC1E8A20015064F /* (null) in Sources */,
				A20C2DBE2BC1CD250015064F /* (null) in Sources */,
				A2751DBB2BC2EC5B00074A68 /* TimerView.swift in Sources */,
				A2751DB42BC2984000074A68 /* GameViewModel.swift in Sources */,
				A20C2DBB2BC1C8B10015064F /* (null) in Sources */,
				A20C2DC42BC1D2870015064F /* (null) in Sources */,
				A2AB47412BC15EEA00C3D2AB /* Color.swift in Sources */,
				A2AB473F2BC15D9F00C3D2AB /* ThemeView.swift in Sources */,
				A2751DBD2BC2EC6C00074A68 /* TimerViewModel.swift in Sources */,
				6A6C2A7F2BC325A7006633D8 /* GameVoteResult.swift in Sources */,
				A2105A4E2BC113D200FE929C /* PlayerNameBarView.swift in Sources */,
				A2105A472BC107C700FE929C /* PlayerModel.swift in Sources */,
				A2AB473B2BC1529F00C3D2AB /* PlayersListView.swift in Sources */,
				A2751DB22BC2983800074A68 /* GameView.swift in Sources */,
				6A79A2D02BD28B7F000322A4 /* GameVoteViewModel.swift in Sources */,
				A2AB47362BC13E5600C3D2AB /* SetupRoundsView.swift in Sources */,
				A20C2DCD2BC200B00015064F /* (null) in Sources */,
				A2105A4C2BC1087000FE929C /* SetupViewModel.swift in Sources */,
				A2105A312BC0FB8600FE929C /* JamADAApp.swift in Sources */,
				A2AB47392BC14A9300C3D2AB /* RectangleButtonView.swift in Sources */,
			);
			runOnlyForDeploymentPostprocessing = 0;
		};
/* End PBXSourcesBuildPhase section */

/* Begin XCBuildConfiguration section */
		A2105A3A2BC0FB8700FE929C /* Debug */ = {
			isa = XCBuildConfiguration;
			buildSettings = {
				ALWAYS_SEARCH_USER_PATHS = NO;
				ASSETCATALOG_COMPILER_GENERATE_SWIFT_ASSET_SYMBOL_EXTENSIONS = YES;
				CLANG_ANALYZER_NONNULL = YES;
				CLANG_ANALYZER_NUMBER_OBJECT_CONVERSION = YES_AGGRESSIVE;
				CLANG_CXX_LANGUAGE_STANDARD = "gnu++20";
				CLANG_ENABLE_MODULES = YES;
				CLANG_ENABLE_OBJC_ARC = YES;
				CLANG_ENABLE_OBJC_WEAK = YES;
				CLANG_WARN_BLOCK_CAPTURE_AUTORELEASING = YES;
				CLANG_WARN_BOOL_CONVERSION = YES;
				CLANG_WARN_COMMA = YES;
				CLANG_WARN_CONSTANT_CONVERSION = YES;
				CLANG_WARN_DEPRECATED_OBJC_IMPLEMENTATIONS = YES;
				CLANG_WARN_DIRECT_OBJC_ISA_USAGE = YES_ERROR;
				CLANG_WARN_DOCUMENTATION_COMMENTS = YES;
				CLANG_WARN_EMPTY_BODY = YES;
				CLANG_WARN_ENUM_CONVERSION = YES;
				CLANG_WARN_INFINITE_RECURSION = YES;
				CLANG_WARN_INT_CONVERSION = YES;
				CLANG_WARN_NON_LITERAL_NULL_CONVERSION = YES;
				CLANG_WARN_OBJC_IMPLICIT_RETAIN_SELF = YES;
				CLANG_WARN_OBJC_LITERAL_CONVERSION = YES;
				CLANG_WARN_OBJC_ROOT_CLASS = YES_ERROR;
				CLANG_WARN_QUOTED_INCLUDE_IN_FRAMEWORK_HEADER = YES;
				CLANG_WARN_RANGE_LOOP_ANALYSIS = YES;
				CLANG_WARN_STRICT_PROTOTYPES = YES;
				CLANG_WARN_SUSPICIOUS_MOVE = YES;
				CLANG_WARN_UNGUARDED_AVAILABILITY = YES_AGGRESSIVE;
				CLANG_WARN_UNREACHABLE_CODE = YES;
				CLANG_WARN__DUPLICATE_METHOD_MATCH = YES;
				COPY_PHASE_STRIP = NO;
				DEBUG_INFORMATION_FORMAT = dwarf;
				ENABLE_STRICT_OBJC_MSGSEND = YES;
				ENABLE_TESTABILITY = YES;
				ENABLE_USER_SCRIPT_SANDBOXING = YES;
				GCC_C_LANGUAGE_STANDARD = gnu17;
				GCC_DYNAMIC_NO_PIC = NO;
				GCC_NO_COMMON_BLOCKS = YES;
				GCC_OPTIMIZATION_LEVEL = 0;
				GCC_PREPROCESSOR_DEFINITIONS = (
					"DEBUG=1",
					"$(inherited)",
				);
				GCC_WARN_64_TO_32_BIT_CONVERSION = YES;
				GCC_WARN_ABOUT_RETURN_TYPE = YES_ERROR;
				GCC_WARN_UNDECLARED_SELECTOR = YES;
				GCC_WARN_UNINITIALIZED_AUTOS = YES_AGGRESSIVE;
				GCC_WARN_UNUSED_FUNCTION = YES;
				GCC_WARN_UNUSED_VARIABLE = YES;
				LOCALIZATION_PREFERS_STRING_CATALOGS = YES;
				MTL_ENABLE_DEBUG_INFO = INCLUDE_SOURCE;
				MTL_FAST_MATH = YES;
				ONLY_ACTIVE_ARCH = YES;
				SWIFT_ACTIVE_COMPILATION_CONDITIONS = "DEBUG $(inherited)";
				SWIFT_OPTIMIZATION_LEVEL = "-Onone";
			};
			name = Debug;
		};
		A2105A3B2BC0FB8700FE929C /* Release */ = {
			isa = XCBuildConfiguration;
			buildSettings = {
				ALWAYS_SEARCH_USER_PATHS = NO;
				ASSETCATALOG_COMPILER_GENERATE_SWIFT_ASSET_SYMBOL_EXTENSIONS = YES;
				CLANG_ANALYZER_NONNULL = YES;
				CLANG_ANALYZER_NUMBER_OBJECT_CONVERSION = YES_AGGRESSIVE;
				CLANG_CXX_LANGUAGE_STANDARD = "gnu++20";
				CLANG_ENABLE_MODULES = YES;
				CLANG_ENABLE_OBJC_ARC = YES;
				CLANG_ENABLE_OBJC_WEAK = YES;
				CLANG_WARN_BLOCK_CAPTURE_AUTORELEASING = YES;
				CLANG_WARN_BOOL_CONVERSION = YES;
				CLANG_WARN_COMMA = YES;
				CLANG_WARN_CONSTANT_CONVERSION = YES;
				CLANG_WARN_DEPRECATED_OBJC_IMPLEMENTATIONS = YES;
				CLANG_WARN_DIRECT_OBJC_ISA_USAGE = YES_ERROR;
				CLANG_WARN_DOCUMENTATION_COMMENTS = YES;
				CLANG_WARN_EMPTY_BODY = YES;
				CLANG_WARN_ENUM_CONVERSION = YES;
				CLANG_WARN_INFINITE_RECURSION = YES;
				CLANG_WARN_INT_CONVERSION = YES;
				CLANG_WARN_NON_LITERAL_NULL_CONVERSION = YES;
				CLANG_WARN_OBJC_IMPLICIT_RETAIN_SELF = YES;
				CLANG_WARN_OBJC_LITERAL_CONVERSION = YES;
				CLANG_WARN_OBJC_ROOT_CLASS = YES_ERROR;
				CLANG_WARN_QUOTED_INCLUDE_IN_FRAMEWORK_HEADER = YES;
				CLANG_WARN_RANGE_LOOP_ANALYSIS = YES;
				CLANG_WARN_STRICT_PROTOTYPES = YES;
				CLANG_WARN_SUSPICIOUS_MOVE = YES;
				CLANG_WARN_UNGUARDED_AVAILABILITY = YES_AGGRESSIVE;
				CLANG_WARN_UNREACHABLE_CODE = YES;
				CLANG_WARN__DUPLICATE_METHOD_MATCH = YES;
				COPY_PHASE_STRIP = NO;
				DEBUG_INFORMATION_FORMAT = "dwarf-with-dsym";
				ENABLE_NS_ASSERTIONS = NO;
				ENABLE_STRICT_OBJC_MSGSEND = YES;
				ENABLE_USER_SCRIPT_SANDBOXING = YES;
				GCC_C_LANGUAGE_STANDARD = gnu17;
				GCC_NO_COMMON_BLOCKS = YES;
				GCC_WARN_64_TO_32_BIT_CONVERSION = YES;
				GCC_WARN_ABOUT_RETURN_TYPE = YES_ERROR;
				GCC_WARN_UNDECLARED_SELECTOR = YES;
				GCC_WARN_UNINITIALIZED_AUTOS = YES_AGGRESSIVE;
				GCC_WARN_UNUSED_FUNCTION = YES;
				GCC_WARN_UNUSED_VARIABLE = YES;
				LOCALIZATION_PREFERS_STRING_CATALOGS = YES;
				MTL_ENABLE_DEBUG_INFO = NO;
				MTL_FAST_MATH = YES;
				SWIFT_COMPILATION_MODE = wholemodule;
			};
			name = Release;
		};
		A2105A3D2BC0FB8700FE929C /* Debug */ = {
			isa = XCBuildConfiguration;
			buildSettings = {
				ASSETCATALOG_COMPILER_APPICON_NAME = AppIcon;
				ASSETCATALOG_COMPILER_GLOBAL_ACCENT_COLOR_NAME = AccentColor;
				CODE_SIGN_ENTITLEMENTS = JamADA/JamADA.entitlements;
				"CODE_SIGN_IDENTITY[sdk=macosx*]" = "-";
				CODE_SIGN_STYLE = Automatic;
				CURRENT_PROJECT_VERSION = 1;
				DEVELOPMENT_ASSET_PATHS = "\"JamADA/Preview Content\"";
				DEVELOPMENT_TEAM = N3VF3GUXQY;
				ENABLE_HARDENED_RUNTIME = YES;
				ENABLE_PREVIEWS = YES;
				GENERATE_INFOPLIST_FILE = YES;
				"INFOPLIST_KEY_UIApplicationSceneManifest_Generation[sdk=iphoneos*]" = YES;
				"INFOPLIST_KEY_UIApplicationSceneManifest_Generation[sdk=iphonesimulator*]" = YES;
				"INFOPLIST_KEY_UIApplicationSupportsIndirectInputEvents[sdk=iphoneos*]" = YES;
				"INFOPLIST_KEY_UIApplicationSupportsIndirectInputEvents[sdk=iphonesimulator*]" = YES;
				"INFOPLIST_KEY_UILaunchScreen_Generation[sdk=iphoneos*]" = YES;
				"INFOPLIST_KEY_UILaunchScreen_Generation[sdk=iphonesimulator*]" = YES;
				"INFOPLIST_KEY_UIStatusBarStyle[sdk=iphoneos*]" = UIStatusBarStyleDefault;
				"INFOPLIST_KEY_UIStatusBarStyle[sdk=iphonesimulator*]" = UIStatusBarStyleDefault;
				INFOPLIST_KEY_UISupportedInterfaceOrientations_iPad = "UIInterfaceOrientationPortrait UIInterfaceOrientationPortraitUpsideDown UIInterfaceOrientationLandscapeLeft UIInterfaceOrientationLandscapeRight";
				INFOPLIST_KEY_UISupportedInterfaceOrientations_iPhone = "UIInterfaceOrientationPortrait UIInterfaceOrientationLandscapeLeft UIInterfaceOrientationLandscapeRight";
				IPHONEOS_DEPLOYMENT_TARGET = 17.2;
				LD_RUNPATH_SEARCH_PATHS = "@executable_path/Frameworks";
				"LD_RUNPATH_SEARCH_PATHS[sdk=macosx*]" = "@executable_path/../Frameworks";
				MACOSX_DEPLOYMENT_TARGET = 14.2;
				MARKETING_VERSION = 1.0;
				PRODUCT_BUNDLE_IDENTIFIER = SpolinJamADA;
				PRODUCT_NAME = "$(TARGET_NAME)";
				SDKROOT = auto;
				SUPPORTED_PLATFORMS = "iphoneos iphonesimulator macosx";
				SWIFT_EMIT_LOC_STRINGS = YES;
				SWIFT_VERSION = 5.0;
				TARGETED_DEVICE_FAMILY = "1,2";
			};
			name = Debug;
		};
		A2105A3E2BC0FB8700FE929C /* Release */ = {
			isa = XCBuildConfiguration;
			buildSettings = {
				ASSETCATALOG_COMPILER_APPICON_NAME = AppIcon;
				ASSETCATALOG_COMPILER_GLOBAL_ACCENT_COLOR_NAME = AccentColor;
				CODE_SIGN_ENTITLEMENTS = JamADA/JamADA.entitlements;
				"CODE_SIGN_IDENTITY[sdk=macosx*]" = "-";
				CODE_SIGN_STYLE = Automatic;
				CURRENT_PROJECT_VERSION = 1;
				DEVELOPMENT_ASSET_PATHS = "\"JamADA/Preview Content\"";
				DEVELOPMENT_TEAM = N3VF3GUXQY;
				ENABLE_HARDENED_RUNTIME = YES;
				ENABLE_PREVIEWS = YES;
				GENERATE_INFOPLIST_FILE = YES;
				"INFOPLIST_KEY_UIApplicationSceneManifest_Generation[sdk=iphoneos*]" = YES;
				"INFOPLIST_KEY_UIApplicationSceneManifest_Generation[sdk=iphonesimulator*]" = YES;
				"INFOPLIST_KEY_UIApplicationSupportsIndirectInputEvents[sdk=iphoneos*]" = YES;
				"INFOPLIST_KEY_UIApplicationSupportsIndirectInputEvents[sdk=iphonesimulator*]" = YES;
				"INFOPLIST_KEY_UILaunchScreen_Generation[sdk=iphoneos*]" = YES;
				"INFOPLIST_KEY_UILaunchScreen_Generation[sdk=iphonesimulator*]" = YES;
				"INFOPLIST_KEY_UIStatusBarStyle[sdk=iphoneos*]" = UIStatusBarStyleDefault;
				"INFOPLIST_KEY_UIStatusBarStyle[sdk=iphonesimulator*]" = UIStatusBarStyleDefault;
				INFOPLIST_KEY_UISupportedInterfaceOrientations_iPad = "UIInterfaceOrientationPortrait UIInterfaceOrientationPortraitUpsideDown UIInterfaceOrientationLandscapeLeft UIInterfaceOrientationLandscapeRight";
				INFOPLIST_KEY_UISupportedInterfaceOrientations_iPhone = "UIInterfaceOrientationPortrait UIInterfaceOrientationLandscapeLeft UIInterfaceOrientationLandscapeRight";
				IPHONEOS_DEPLOYMENT_TARGET = 17.2;
				LD_RUNPATH_SEARCH_PATHS = "@executable_path/Frameworks";
				"LD_RUNPATH_SEARCH_PATHS[sdk=macosx*]" = "@executable_path/../Frameworks";
				MACOSX_DEPLOYMENT_TARGET = 14.2;
				MARKETING_VERSION = 1.0;
				PRODUCT_BUNDLE_IDENTIFIER = SpolinJamADA;
				PRODUCT_NAME = "$(TARGET_NAME)";
				SDKROOT = auto;
				SUPPORTED_PLATFORMS = "iphoneos iphonesimulator macosx";
				SWIFT_EMIT_LOC_STRINGS = YES;
				SWIFT_VERSION = 5.0;
				TARGETED_DEVICE_FAMILY = "1,2";
			};
			name = Release;
		};
/* End XCBuildConfiguration section */

/* Begin XCConfigurationList section */
		A2105A282BC0FB8600FE929C /* Build configuration list for PBXProject "JamADA" */ = {
			isa = XCConfigurationList;
			buildConfigurations = (
				A2105A3A2BC0FB8700FE929C /* Debug */,
				A2105A3B2BC0FB8700FE929C /* Release */,
			);
			defaultConfigurationIsVisible = 0;
			defaultConfigurationName = Release;
		};
		A2105A3C2BC0FB8700FE929C /* Build configuration list for PBXNativeTarget "JamADA" */ = {
			isa = XCConfigurationList;
			buildConfigurations = (
				A2105A3D2BC0FB8700FE929C /* Debug */,
				A2105A3E2BC0FB8700FE929C /* Release */,
			);
			defaultConfigurationIsVisible = 0;
			defaultConfigurationName = Release;
		};
/* End XCConfigurationList section */
	};
	rootObject = A2105A252BC0FB8600FE929C /* Project object */;
}
